
Microsoft Visual Studio Solution File, Format Version 12.00
# Visual Studio Version 17
VisualStudioVersion = 17.11.35222.181
MinimumVisualStudioVersion = 10.0.40219.1
Project("{FAE04EC0-301F-11D3-BF4B-00C04F79EFBC}") = "grupp gitt", "grupp gitt.csproj", "{7ACE4F25-156D-4164-883C-5378F4E04444}"
EndProject
Global
	GlobalSection(SolutionConfigurationPlatforms) = preSolution
		Debug|Any CPU = Debug|Any CPU
		Release|Any CPU = Release|Any CPU
	EndGlobalSection
	GlobalSection(ProjectConfigurationPlatforms) = postSolution
		{7ACE4F25-156D-4164-883C-5378F4E04444}.Debug|Any CPU.ActiveCfg = Debug|Any CPU
		{7ACE4F25-156D-4164-883C-5378F4E04444}.Debug|Any CPU.Build.0 = Debug|Any CPU
		{7ACE4F25-156D-4164-883C-5378F4E04444}.Release|Any CPU.ActiveCfg = Release|Any CPU
		{7ACE4F25-156D-4164-883C-5378F4E04444}.Release|Any CPU.Build.0 = Release|Any CPU
	EndGlobalSection
	GlobalSection(SolutionProperties) = preSolution
		HideSolutionNode = FALSE
	EndGlobalSection
	GlobalSection(ExtensibilityGlobals) = postSolution
		SolutionGuid = {5D83618E-9324-47D2-9DDA-62D49DEED28C}
	EndGlobalSection
EndGlobal
